
Microsoft Visual Studio Solution File, Format Version 12.00
# Visual Studio Version 17
VisualStudioVersion = 17.2.32602.215
MinimumVisualStudioVersion = 10.0.40219.1
Project("{FAE04EC0-301F-11D3-BF4B-00C04F79EFBC}") = "Names", "Names.csproj", "{40485194-CF6D-4545-AFC0-AD9CAE50B41B}"
EndProject
Global
	GlobalSection(SolutionConfigurationPlatforms) = preSolution
		Debug|Any CPU = Debug|Any CPU
		Release|Any CPU = Release|Any CPU
	EndGlobalSection
	GlobalSection(ProjectConfigurationPlatforms) = postSolution
		{40485194-CF6D-4545-AFC0-AD9CAE50B41B}.Debug|Any CPU.ActiveCfg = Debug|Any CPU
		{40485194-CF6D-4545-AFC0-AD9CAE50B41B}.Debug|Any CPU.Build.0 = Debug|Any CPU
		{40485194-CF6D-4545-AFC0-AD9CAE50B41B}.Release|Any CPU.ActiveCfg = Release|Any CPU
		{40485194-CF6D-4545-AFC0-AD9CAE50B41B}.Release|Any CPU.Build.0 = Release|Any CPU
	EndGlobalSection
	GlobalSection(SolutionProperties) = preSolution
		HideSolutionNode = FALSE
	EndGlobalSection
	GlobalSection(ExtensibilityGlobals) = postSolution
		SolutionGuid = {083A0E86-9667-4567-9F38-A9EADAF63911}
	EndGlobalSection
EndGlobal
